
Microsoft Visual Studio Solution File, Format Version 12.00
# Visual Studio Version 17
VisualStudioVersion = 17.0.32014.148
MinimumVisualStudioVersion = 10.0.40219.1
Project("{2150E333-8FDC-42A3-9474-1A3956D46DE8}") = "Presentation", "Presentation", "{0F96EA9B-F492-4720-A042-BEE621C3301A}"
EndProject
Project("{9A19103F-16F7-4668-BE54-9A1E7A4F7556}") = "bbxBE.WebApi", "bbxBE.WebApi\bbxBE.WebApi.csproj", "{D046F98F-E348-4428-8CEC-5D9DF117A5C3}"
EndProject
Project("{2150E333-8FDC-42A3-9474-1A3956D46DE8}") = "Core", "Core", "{D808B9C3-172D-4F1F-8F0A-10E164A3B4FC}"
EndProject
Project("{9A19103F-16F7-4668-BE54-9A1E7A4F7556}") = "bbxBE.Application", "bbxBE.Application\bbxBE.Application.csproj", "{B956E198-285D-4BCD-80F8-BDF3CC941908}"
EndProject
Project("{9A19103F-16F7-4668-BE54-9A1E7A4F7556}") = "bbxBE.Domain", "bbxBE.Domain\bbxBE.Domain.csproj", "{BBBB79D2-2DE1-40E4-959E-3127BDC97916}"
EndProject
Project("{2150E333-8FDC-42A3-9474-1A3956D46DE8}") = "Infrastructure", "Infrastructure", "{5AE26AFF-1996-4827-819C-BE113A0C830C}"
EndProject
Project("{9A19103F-16F7-4668-BE54-9A1E7A4F7556}") = "bbxBE.Infrastructure.Persistence", "bbxBE.Infrastructure.Persistence\bbxBE.Infrastructure.Persistence.csproj", "{62EFB043-0725-4876-81A9-BA2832460B4C}"
EndProject
Project("{9A19103F-16F7-4668-BE54-9A1E7A4F7556}") = "bbxBE.Infrastructure.Shared", "bbxBE.Infrastructure.Shared\bbxBE.Infrastructure.Shared.csproj", "{7E18D30F-69BC-4BF5-8640-B425DEB00D0E}"
EndProject
Project("{9A19103F-16F7-4668-BE54-9A1E7A4F7556}") = "bbxBE.Common", "bbxBE.Common\bbxBE.Common.csproj", "{3A99ED9D-3112-41A6-9E8D-A24E7B41FE50}"
EndProject
Global
	GlobalSection(SolutionConfigurationPlatforms) = preSolution
		Debug|Any CPU = Debug|Any CPU
		Release|Any CPU = Release|Any CPU
	EndGlobalSection
	GlobalSection(ProjectConfigurationPlatforms) = postSolution
		{D046F98F-E348-4428-8CEC-5D9DF117A5C3}.Debug|Any CPU.ActiveCfg = Debug|Any CPU
		{D046F98F-E348-4428-8CEC-5D9DF117A5C3}.Debug|Any CPU.Build.0 = Debug|Any CPU
		{D046F98F-E348-4428-8CEC-5D9DF117A5C3}.Release|Any CPU.ActiveCfg = Release|Any CPU
		{D046F98F-E348-4428-8CEC-5D9DF117A5C3}.Release|Any CPU.Build.0 = Release|Any CPU
		{B956E198-285D-4BCD-80F8-BDF3CC941908}.Debug|Any CPU.ActiveCfg = Debug|Any CPU
		{B956E198-285D-4BCD-80F8-BDF3CC941908}.Debug|Any CPU.Build.0 = Debug|Any CPU
		{B956E198-285D-4BCD-80F8-BDF3CC941908}.Release|Any CPU.ActiveCfg = Release|Any CPU
		{B956E198-285D-4BCD-80F8-BDF3CC941908}.Release|Any CPU.Build.0 = Release|Any CPU
		{BBBB79D2-2DE1-40E4-959E-3127BDC97916}.Debug|Any CPU.ActiveCfg = Debug|Any CPU
		{BBBB79D2-2DE1-40E4-959E-3127BDC97916}.Debug|Any CPU.Build.0 = Debug|Any CPU
		{BBBB79D2-2DE1-40E4-959E-3127BDC97916}.Release|Any CPU.ActiveCfg = Release|Any CPU
		{BBBB79D2-2DE1-40E4-959E-3127BDC97916}.Release|Any CPU.Build.0 = Release|Any CPU
		{62EFB043-0725-4876-81A9-BA2832460B4C}.Debug|Any CPU.ActiveCfg = Debug|Any CPU
		{62EFB043-0725-4876-81A9-BA2832460B4C}.Debug|Any CPU.Build.0 = Debug|Any CPU
		{62EFB043-0725-4876-81A9-BA2832460B4C}.Release|Any CPU.ActiveCfg = Release|Any CPU
		{62EFB043-0725-4876-81A9-BA2832460B4C}.Release|Any CPU.Build.0 = Release|Any CPU
		{7E18D30F-69BC-4BF5-8640-B425DEB00D0E}.Debug|Any CPU.ActiveCfg = Debug|Any CPU
		{7E18D30F-69BC-4BF5-8640-B425DEB00D0E}.Debug|Any CPU.Build.0 = Debug|Any CPU
		{7E18D30F-69BC-4BF5-8640-B425DEB00D0E}.Release|Any CPU.ActiveCfg = Release|Any CPU
		{7E18D30F-69BC-4BF5-8640-B425DEB00D0E}.Release|Any CPU.Build.0 = Release|Any CPU
		{3A99ED9D-3112-41A6-9E8D-A24E7B41FE50}.Debug|Any CPU.ActiveCfg = Debug|Any CPU
		{3A99ED9D-3112-41A6-9E8D-A24E7B41FE50}.Debug|Any CPU.Build.0 = Debug|Any CPU
		{3A99ED9D-3112-41A6-9E8D-A24E7B41FE50}.Release|Any CPU.ActiveCfg = Release|Any CPU
		{3A99ED9D-3112-41A6-9E8D-A24E7B41FE50}.Release|Any CPU.Build.0 = Release|Any CPU
	EndGlobalSection
	GlobalSection(SolutionProperties) = preSolution
		HideSolutionNode = FALSE
	EndGlobalSection
	GlobalSection(NestedProjects) = preSolution
		{D046F98F-E348-4428-8CEC-5D9DF117A5C3} = {0F96EA9B-F492-4720-A042-BEE621C3301A}
		{B956E198-285D-4BCD-80F8-BDF3CC941908} = {D808B9C3-172D-4F1F-8F0A-10E164A3B4FC}
		{BBBB79D2-2DE1-40E4-959E-3127BDC97916} = {D808B9C3-172D-4F1F-8F0A-10E164A3B4FC}
		{62EFB043-0725-4876-81A9-BA2832460B4C} = {5AE26AFF-1996-4827-819C-BE113A0C830C}
		{7E18D30F-69BC-4BF5-8640-B425DEB00D0E} = {5AE26AFF-1996-4827-819C-BE113A0C830C}
		{3A99ED9D-3112-41A6-9E8D-A24E7B41FE50} = {D808B9C3-172D-4F1F-8F0A-10E164A3B4FC}
	EndGlobalSection
	GlobalSection(ExtensibilityGlobals) = postSolution
		SolutionGuid = {C5FF3417-1002-4B88-91C8-67A483BE4E10}
	EndGlobalSection
EndGlobal
